
Microsoft Visual Studio Solution File, Format Version 12.00
# Visual Studio Version 17
VisualStudioVersion = 17.12.35527.113 d17.12
MinimumVisualStudioVersion = 10.0.40219.1
Project("{FAE04EC0-301F-11D3-BF4B-00C04F79EFBC}") = "1st Application", "WebApplication3\1st Application.csproj", "{B1A4667E-73A6-4127-B94E-E77DF8F39707}"
EndProject
Global
	GlobalSection(SolutionConfigurationPlatforms) = preSolution
		Debug|Any CPU = Debug|Any CPU
		Release|Any CPU = Release|Any CPU
	EndGlobalSection
	GlobalSection(ProjectConfigurationPlatforms) = postSolution
		{B1A4667E-73A6-4127-B94E-E77DF8F39707}.Debug|Any CPU.ActiveCfg = Debug|Any CPU
		{B1A4667E-73A6-4127-B94E-E77DF8F39707}.Debug|Any CPU.Build.0 = Debug|Any CPU
		{B1A4667E-73A6-4127-B94E-E77DF8F39707}.Release|Any CPU.ActiveCfg = Release|Any CPU
		{B1A4667E-73A6-4127-B94E-E77DF8F39707}.Release|Any CPU.Build.0 = Release|Any CPU
	EndGlobalSection
	GlobalSection(SolutionProperties) = preSolution
		HideSolutionNode = FALSE
	EndGlobalSection
EndGlobal
